{
  "nodes": {
    "minimalbase": {
      "inputs": {
        "nixpkgs": "nixpkgs"
      },
      "locked": {
        "lastModified": 1781487957,
        "narHash": "sha256-eG2lnw1fZzKTm3W9D/kYIqaZy63fFFu++tvMNhdtvd8=",
        "owner": "nonrootdocker",
        "repo": "minimalbase",
        "rev": "2a340a94a8a38e9b470df1f1d5b402babd5f8931",
        "type": "github"
      },
      "original": {
        "owner": "nonrootdocker",
        "repo": "minimalbase",
        "type": "github"
      }
    },
    "nixpkgs": {
      "locked": {
        "lastModified": 1781487543,
        "narHash": "sha256-efniaYGqBOAhNrbAR+/1/jSwT4RRW9QNynm2/LdNUcY=",
        "owner": "NixOS",
        "repo": "nixpkgs",
        "rev": "593ffa8f4a01cb9522c73fca9c77f97a532f9c78",
        "type": "github"
      },
      "original": {
        "owner": "NixOS",
        "repo": "nixpkgs",
        "type": "github"
      }
    },
    "qbittorrent-src": {
      "flake": false,
      "locked": {
        "lastModified": 1781251994,
        "narHash": "sha256-DwRfSmvYgAWhQK5sp85ffmaGd6nRo4t2aMPZdl+hqz4=",
        "owner": "qbittorrent",
        "repo": "qBittorrent",
        "rev": "e0d72c39f95c5cfde9bde9081989b6e61c5906de",
        "type": "github"
      },
      "original": {
        "owner": "qbittorrent",
        "repo": "qBittorrent",
        "type": "github"
      }
    },
    "root": {
      "inputs": {
        "minimalbase": "minimalbase",
        "nixpkgs": [
          "minimalbase",
          "nixpkgs"
        ],
        "qbittorrent-src": "qbittorrent-src"
      }
    }
  },
  "root": "root",
  "version": 7
}
