{
  "nodes": {
    "minimalbase": {
      "inputs": {
        "nixpkgs": "nixpkgs"
      },
      "locked": {
        "lastModified": 1780406327,
        "narHash": "sha256-gdiNRXE86lrLS+0/QUwN4eISfzMKV/w+6+PnZSKTfQg=",
        "owner": "nonrootdocker",
        "repo": "minimalbase",
        "rev": "7f399ca76c64896b64ef9959ec847d537b517853",
        "type": "github"
      },
      "original": {
        "owner": "nonrootdocker",
        "repo": "minimalbase",
        "type": "github"
      }
    },
    "nixpkgs": {
      "locked": {
        "lastModified": 1780282581,
        "narHash": "sha256-xCjHhtKzBB3Y8dfHOyQTxgeF2Lalbkr+swfLMq8I6N4=",
        "owner": "NixOS",
        "repo": "nixpkgs",
        "rev": "78fd3c49cca0baeb00fb0e370581dd19be2553b5",
        "type": "github"
      },
      "original": {
        "owner": "NixOS",
        "repo": "nixpkgs",
        "type": "github"
      }
    },
    "qbittorrent-src": {
      "flake": false,
      "locked": {
        "lastModified": 1780931751,
        "narHash": "sha256-WVx0h5hKcu2diq7r0UZWqzWJz8Dz/IYZ7OVnxOv3Qy4=",
        "owner": "qbittorrent",
        "repo": "qBittorrent",
        "rev": "8d1aca3f3f4e7f848171e87f9a109ba750b18878",
        "type": "github"
      },
      "original": {
        "owner": "qbittorrent",
        "repo": "qBittorrent",
        "type": "github"
      }
    },
    "root": {
      "inputs": {
        "minimalbase": "minimalbase",
        "nixpkgs": [
          "minimalbase",
          "nixpkgs"
        ],
        "qbittorrent-src": "qbittorrent-src"
      }
    }
  },
  "root": "root",
  "version": 7
}
